// !$*UTF8*$!
{
	archiveVersion = 1;
	classes = {
	};
	objectVersion = 56;
	objects = {

/* Begin PBXBuildFile section */
		332767742BA5DF5F00F57FC3 /* Todo_AssignmentApp.swift in Sources */ = {isa = PBXBuildFile; fileRef = 332767732BA5DF5F00F57FC3 /* Todo_AssignmentApp.swift */; };
		332767782BA5DF6100F57FC3 /* Assets.xcassets in Resources */ = {isa = PBXBuildFile; fileRef = 332767772BA5DF6100F57FC3 /* Assets.xcassets */; };
		3327677B2BA5DF6100F57FC3 /* Preview Assets.xcassets in Resources */ = {isa = PBXBuildFile; fileRef = 3327677A2BA5DF6100F57FC3 /* Preview Assets.xcassets */; };
		332767852BA5DF6100F57FC3 /* Todo_AssignmentTests.swift in Sources */ = {isa = PBXBuildFile; fileRef = 332767842BA5DF6100F57FC3 /* Todo_AssignmentTests.swift */; };
		3327678F2BA5DF6100F57FC3 /* Todo_AssignmentUITests.swift in Sources */ = {isa = PBXBuildFile; fileRef = 3327678E2BA5DF6100F57FC3 /* Todo_AssignmentUITests.swift */; };
		332767912BA5DF6100F57FC3 /* Todo_AssignmentUITestsLaunchTests.swift in Sources */ = {isa = PBXBuildFile; fileRef = 332767902BA5DF6100F57FC3 /* Todo_AssignmentUITestsLaunchTests.swift */; };
		3327679F2BA5E0A200F57FC3 /* ListView.swift in Sources */ = {isa = PBXBuildFile; fileRef = 3327679E2BA5E0A200F57FC3 /* ListView.swift */; };
		332767A12BA5E2A000F57FC3 /* ListRowView.swift in Sources */ = {isa = PBXBuildFile; fileRef = 332767A02BA5E2A000F57FC3 /* ListRowView.swift */; };
		33F29F182BA5E8F100200D5C /* AddView.swift in Sources */ = {isa = PBXBuildFile; fileRef = 33F29F172BA5E8F100200D5C /* AddView.swift */; };
		33F29F1B2BA5F22A00200D5C /* ItemModel.swift in Sources */ = {isa = PBXBuildFile; fileRef = 33F29F1A2BA5F22A00200D5C /* ItemModel.swift */; };
		33F29F1E2BA5FC0300200D5C /* ListViewModel.swift in Sources */ = {isa = PBXBuildFile; fileRef = 33F29F1D2BA5FC0300200D5C /* ListViewModel.swift */; };
		33F29F202BA6198B00200D5C /* LaunchScreen.storyboard in Resources */ = {isa = PBXBuildFile; fileRef = 33F29F1F2BA6198B00200D5C /* LaunchScreen.storyboard */; };
/* End PBXBuildFile section */

/* Begin PBXContainerItemProxy section */
		332767812BA5DF6100F57FC3 /* PBXContainerItemProxy */ = {
			isa = PBXContainerItemProxy;
			containerPortal = 332767682BA5DF5F00F57FC3 /* Project object */;
			proxyType = 1;
			remoteGlobalIDString = 3327676F2BA5DF5F00F57FC3;
			remoteInfo = "Todo Assignment";
		};
		3327678B2BA5DF6100F57FC3 /* PBXContainerItemProxy */ = {
			isa = PBXContainerItemProxy;
			containerPortal = 332767682BA5DF5F00F57FC3 /* Project object */;
			proxyType = 1;
			remoteGlobalIDString = 3327676F2BA5DF5F00F57FC3;
			remoteInfo = "Todo Assignment";
		};
/* End PBXContainerItemProxy section */

/* Begin PBXFileReference section */
		332767702BA5DF5F00F57FC3 /* Todo Assignment.app */ = {isa = PBXFileReference; explicitFileType = wrapper.application; includeInIndex = 0; path = "Todo Assignment.app"; sourceTree = BUILT_PRODUCTS_DIR; };
		332767732BA5DF5F00F57FC3 /* Todo_AssignmentApp.swift */ = {isa = PBXFileReference; lastKnownFileType = sourcecode.swift; path = Todo_AssignmentApp.swift; sourceTree = "<group>"; };
		332767772BA5DF6100F57FC3 /* Assets.xcassets */ = {isa = PBXFileReference; lastKnownFileType = folder.assetcatalog; path = Assets.xcassets; sourceTree = "<group>"; };
		3327677A2BA5DF6100F57FC3 /* Preview Assets.xcassets */ = {isa = PBXFileReference; lastKnownFileType = folder.assetcatalog; path = "Preview Assets.xcassets"; sourceTree = "<group>"; };
		332767802BA5DF6100F57FC3 /* Todo AssignmentTests.xctest */ = {isa = PBXFileReference; explicitFileType = wrapper.cfbundle; includeInIndex = 0; path = "Todo AssignmentTests.xctest"; sourceTree = BUILT_PRODUCTS_DIR; };
		332767842BA5DF6100F57FC3 /* Todo_AssignmentTests.swift */ = {isa = PBXFileReference; lastKnownFileType = sourcecode.swift; path = Todo_AssignmentTests.swift; sourceTree = "<group>"; };
		3327678A2BA5DF6100F57FC3 /* Todo AssignmentUITests.xctest */ = {isa = PBXFileReference; explicitFileType = wrapper.cfbundle; includeInIndex = 0; path = "Todo AssignmentUITests.xctest"; sourceTree = BUILT_PRODUCTS_DIR; };
		3327678E2BA5DF6100F57FC3 /* Todo_AssignmentUITests.swift */ = {isa = PBXFileReference; lastKnownFileType = sourcecode.swift; path = Todo_AssignmentUITests.swift; sourceTree = "<group>"; };
		332767902BA5DF6100F57FC3 /* Todo_AssignmentUITestsLaunchTests.swift */ = {isa = PBXFileReference; lastKnownFileType = sourcecode.swift; path = Todo_AssignmentUITestsLaunchTests.swift; sourceTree = "<group>"; };
		3327679E2BA5E0A200F57FC3 /* ListView.swift */ = {isa = PBXFileReference; lastKnownFileType = sourcecode.swift; path = ListView.swift; sourceTree = "<group>"; };
		332767A02BA5E2A000F57FC3 /* ListRowView.swift */ = {isa = PBXFileReference; lastKnownFileType = sourcecode.swift; path = ListRowView.swift; sourceTree = "<group>"; };
		33F29F172BA5E8F100200D5C /* AddView.swift */ = {isa = PBXFileReference; lastKnownFileType = sourcecode.swift; path = AddView.swift; sourceTree = "<group>"; };
		33F29F1A2BA5F22A00200D5C /* ItemModel.swift */ = {isa = PBXFileReference; lastKnownFileType = sourcecode.swift; path = ItemModel.swift; sourceTree = "<group>"; };
		33F29F1D2BA5FC0300200D5C /* ListViewModel.swift */ = {isa = PBXFileReference; lastKnownFileType = sourcecode.swift; path = ListViewModel.swift; sourceTree = "<group>"; };
		33F29F1F2BA6198B00200D5C /* LaunchScreen.storyboard */ = {isa = PBXFileReference; lastKnownFileType = file.storyboard; path = LaunchScreen.storyboard; sourceTree = "<group>"; };
/* End PBXFileReference section */

/* Begin PBXFrameworksBuildPhase section */
		3327676D2BA5DF5F00F57FC3 /* Frameworks */ = {
			isa = PBXFrameworksBuildPhase;
			buildActionMask = 2147483647;
			files = (
			);
			runOnlyForDeploymentPostprocessing = 0;
		};
		3327677D2BA5DF6100F57FC3 /* Frameworks */ = {
			isa = PBXFrameworksBuildPhase;
			buildActionMask = 2147483647;
			files = (
			);
			runOnlyForDeploymentPostprocessing = 0;
		};
		332767872BA5DF6100F57FC3 /* Frameworks */ = {
			isa = PBXFrameworksBuildPhase;
			buildActionMask = 2147483647;
			files = (
			);
			runOnlyForDeploymentPostprocessing = 0;
		};
/* End PBXFrameworksBuildPhase section */

/* Begin PBXGroup section */
		332767672BA5DF5F00F57FC3 = {
			isa = PBXGroup;
			children = (
				332767722BA5DF5F00F57FC3 /* Todo Assignment */,
				332767832BA5DF6100F57FC3 /* Todo AssignmentTests */,
				3327678D2BA5DF6100F57FC3 /* Todo AssignmentUITests */,
				332767712BA5DF5F00F57FC3 /* Products */,
			);
			sourceTree = "<group>";
		};
		332767712BA5DF5F00F57FC3 /* Products */ = {
			isa = PBXGroup;
			children = (
				332767702BA5DF5F00F57FC3 /* Todo Assignment.app */,
				332767802BA5DF6100F57FC3 /* Todo AssignmentTests.xctest */,
				3327678A2BA5DF6100F57FC3 /* Todo AssignmentUITests.xctest */,
			);
			name = Products;
			sourceTree = "<group>";
		};
		332767722BA5DF5F00F57FC3 /* Todo Assignment */ = {
			isa = PBXGroup;
			children = (
				332767732BA5DF5F00F57FC3 /* Todo_AssignmentApp.swift */,
				33F29F192BA5F20200200D5C /* Models */,
				3327679D2BA5E06D00F57FC3 /* Views */,
				332767772BA5DF6100F57FC3 /* Assets.xcassets */,
				332767792BA5DF6100F57FC3 /* Preview Content */,
			);
			path = "Todo Assignment";
			sourceTree = "<group>";
		};
		332767792BA5DF6100F57FC3 /* Preview Content */ = {
			isa = PBXGroup;
			children = (
				3327677A2BA5DF6100F57FC3 /* Preview Assets.xcassets */,
			);
			path = "Preview Content";
			sourceTree = "<group>";
		};
		332767832BA5DF6100F57FC3 /* Todo AssignmentTests */ = {
			isa = PBXGroup;
			children = (
				332767842BA5DF6100F57FC3 /* Todo_AssignmentTests.swift */,
			);
			path = "Todo AssignmentTests";
			sourceTree = "<group>";
		};
		3327678D2BA5DF6100F57FC3 /* Todo AssignmentUITests */ = {
			isa = PBXGroup;
			children = (
				3327678E2BA5DF6100F57FC3 /* Todo_AssignmentUITests.swift */,
				332767902BA5DF6100F57FC3 /* Todo_AssignmentUITestsLaunchTests.swift */,
			);
			path = "Todo AssignmentUITests";
			sourceTree = "<group>";
		};
		3327679D2BA5E06D00F57FC3 /* Views */ = {
			isa = PBXGroup;
			children = (
				3327679E2BA5E0A200F57FC3 /* ListView.swift */,
				332767A02BA5E2A000F57FC3 /* ListRowView.swift */,
				33F29F172BA5E8F100200D5C /* AddView.swift */,
				33F29F1F2BA6198B00200D5C /* LaunchScreen.storyboard */,
			);
			path = Views;
			sourceTree = "<group>";
		};
		33F29F192BA5F20200200D5C /* Models */ = {
			isa = PBXGroup;
			children = (
				33F29F1A2BA5F22A00200D5C /* ItemModel.swift */,
				33F29F1C2BA5FBCD00200D5C /* ViewModels */,
			);
			path = Models;
			sourceTree = "<group>";
		};
		33F29F1C2BA5FBCD00200D5C /* ViewModels */ = {
			isa = PBXGroup;
			children = (
				33F29F1D2BA5FC0300200D5C /* ListViewModel.swift */,
			);
			path = ViewModels;
			sourceTree = "<group>";
		};
/* End PBXGroup section */

/* Begin PBXNativeTarget section */
		3327676F2BA5DF5F00F57FC3 /* Todo Assignment */ = {
			isa = PBXNativeTarget;
			buildConfigurationList = 332767942BA5DF6100F57FC3 /* Build configuration list for PBXNativeTarget "Todo Assignment" */;
			buildPhases = (
				3327676C2BA5DF5F00F57FC3 /* Sources */,
				3327676D2BA5DF5F00F57FC3 /* Frameworks */,
				3327676E2BA5DF5F00F57FC3 /* Resources */,
			);
			buildRules = (
			);
			dependencies = (
			);
			name = "Todo Assignment";
			productName = "Todo Assignment";
			productReference = 332767702BA5DF5F00F57FC3 /* Todo Assignment.app */;
			productType = "com.apple.product-type.application";
		};
		3327677F2BA5DF6100F57FC3 /* Todo AssignmentTests */ = {
			isa = PBXNativeTarget;
			buildConfigurationList = 332767972BA5DF6100F57FC3 /* Build configuration list for PBXNativeTarget "Todo AssignmentTests" */;
			buildPhases = (
				3327677C2BA5DF6100F57FC3 /* Sources */,
				3327677D2BA5DF6100F57FC3 /* Frameworks */,
				3327677E2BA5DF6100F57FC3 /* Resources */,
			);
			buildRules = (
			);
			dependencies = (
				332767822BA5DF6100F57FC3 /* PBXTargetDependency */,
			);
			name = "Todo AssignmentTests";
			productName = "Todo AssignmentTests";
			productReference = 332767802BA5DF6100F57FC3 /* Todo AssignmentTests.xctest */;
			productType = "com.apple.product-type.bundle.unit-test";
		};
		332767892BA5DF6100F57FC3 /* Todo AssignmentUITests */ = {
			isa = PBXNativeTarget;
			buildConfigurationList = 3327679A2BA5DF6100F57FC3 /* Build configuration list for PBXNativeTarget "Todo AssignmentUITests" */;
			buildPhases = (
				332767862BA5DF6100F57FC3 /* Sources */,
				332767872BA5DF6100F57FC3 /* Frameworks */,
				332767882BA5DF6100F57FC3 /* Resources */,
			);
			buildRules = (
			);
			dependencies = (
				3327678C2BA5DF6100F57FC3 /* PBXTargetDependency */,
			);
			name = "Todo AssignmentUITests";
			productName = "Todo AssignmentUITests";
			productReference = 3327678A2BA5DF6100F57FC3 /* Todo AssignmentUITests.xctest */;
			productType = "com.apple.product-type.bundle.ui-testing";
		};
/* End PBXNativeTarget section */

/* Begin PBXProject section */
		332767682BA5DF5F00F57FC3 /* Project object */ = {
			isa = PBXProject;
			attributes = {
				BuildIndependentTargetsInParallel = 1;
				LastSwiftUpdateCheck = 1530;
				LastUpgradeCheck = 1530;
				TargetAttributes = {
					3327676F2BA5DF5F00F57FC3 = {
						CreatedOnToolsVersion = 15.3;
					};
					3327677F2BA5DF6100F57FC3 = {
						CreatedOnToolsVersion = 15.3;
						TestTargetID = 3327676F2BA5DF5F00F57FC3;
					};
					332767892BA5DF6100F57FC3 = {
						CreatedOnToolsVersion = 15.3;
						TestTargetID = 3327676F2BA5DF5F00F57FC3;
					};
				};
			};
			buildConfigurationList = 3327676B2BA5DF5F00F57FC3 /* Build configuration list for PBXProject "Todo Assignment" */;
			compatibilityVersion = "Xcode 14.0";
			developmentRegion = en;
			hasScannedForEncodings = 0;
			knownRegions = (
				en,
				Base,
			);
			mainGroup = 332767672BA5DF5F00F57FC3;
			productRefGroup = 332767712BA5DF5F00F57FC3 /* Products */;
			projectDirPath = "";
			projectRoot = "";
			targets = (
				3327676F2BA5DF5F00F57FC3 /* Todo Assignment */,
				3327677F2BA5DF6100F57FC3 /* Todo AssignmentTests */,
				332767892BA5DF6100F57FC3 /* Todo AssignmentUITests */,
			);
		};
/* End PBXProject section */

/* Begin PBXResourcesBuildPhase section */
		3327676E2BA5DF5F00F57FC3 /* Resources */ = {
			isa = PBXResourcesBuildPhase;
			buildActionMask = 2147483647;
			files = (
				33F29F202BA6198B00200D5C /* LaunchScreen.storyboard in Resources */,
				3327677B2BA5DF6100F57FC3 /* Preview Assets.xcassets in Resources */,
				332767782BA5DF6100F57FC3 /* Assets.xcassets in Resources */,
			);
			runOnlyForDeploymentPostprocessing = 0;
		};
		3327677E2BA5DF6100F57FC3 /* Resources */ = {
			isa = PBXResourcesBuildPhase;
			buildActionMask = 2147483647;
			files = (
			);
			runOnlyForDeploymentPostprocessing = 0;
		};
		332767882BA5DF6100F57FC3 /* Resources */ = {
			isa = PBXResourcesBuildPhase;
			buildActionMask = 2147483647;
			files = (
			);
			runOnlyForDeploymentPostprocessing = 0;
		};
/* End PBXResourcesBuildPhase section */

/* Begin PBXSourcesBuildPhase section */
		3327676C2BA5DF5F00F57FC3 /* Sources */ = {
			isa = PBXSourcesBuildPhase;
			buildActionMask = 2147483647;
			files = (
				33F29F1B2BA5F22A00200D5C /* ItemModel.swift in Sources */,
				33F29F182BA5E8F100200D5C /* AddView.swift in Sources */,
				33F29F1E2BA5FC0300200D5C /* ListViewModel.swift in Sources */,
				332767742BA5DF5F00F57FC3 /* Todo_AssignmentApp.swift in Sources */,
				3327679F2BA5E0A200F57FC3 /* ListView.swift in Sources */,
				332767A12BA5E2A000F57FC3 /* ListRowView.swift in Sources */,
			);
			runOnlyForDeploymentPostprocessing = 0;
		};
		3327677C2BA5DF6100F57FC3 /* Sources */ = {
			isa = PBXSourcesBuildPhase;
			buildActionMask = 2147483647;
			files = (
				332767852BA5DF6100F57FC3 /* Todo_AssignmentTests.swift in Sources */,
			);
			runOnlyForDeploymentPostprocessing = 0;
		};
		332767862BA5DF6100F57FC3 /* Sources */ = {
			isa = PBXSourcesBuildPhase;
			buildActionMask = 2147483647;
			files = (
				3327678F2BA5DF6100F57FC3 /* Todo_AssignmentUITests.swift in Sources */,
				332767912BA5DF6100F57FC3 /* Todo_AssignmentUITestsLaunchTests.swift in Sources */,
			);
			runOnlyForDeploymentPostprocessing = 0;
		};
/* End PBXSourcesBuildPhase section */

/* Begin PBXTargetDependency section */
		332767822BA5DF6100F57FC3 /* PBXTargetDependency */ = {
			isa = PBXTargetDependency;
			target = 3327676F2BA5DF5F00F57FC3 /* Todo Assignment */;
			targetProxy = 332767812BA5DF6100F57FC3 /* PBXContainerItemProxy */;
		};
		3327678C2BA5DF6100F57FC3 /* PBXTargetDependency */ = {
			isa = PBXTargetDependency;
			target = 3327676F2BA5DF5F00F57FC3 /* Todo Assignment */;
			targetProxy = 3327678B2BA5DF6100F57FC3 /* PBXContainerItemProxy */;
		};
/* End PBXTargetDependency section */

/* Begin XCBuildConfiguration section */
		332767922BA5DF6100F57FC3 /* Debug */ = {
			isa = XCBuildConfiguration;
			buildSettings = {
				ALWAYS_SEARCH_USER_PATHS = NO;
				ASSETCATALOG_COMPILER_GENERATE_SWIFT_ASSET_SYMBOL_EXTENSIONS = YES;
				CLANG_ANALYZER_NONNULL = YES;
				CLANG_ANALYZER_NUMBER_OBJECT_CONVERSION = YES_AGGRESSIVE;
				CLANG_CXX_LANGUAGE_STANDARD = "gnu++20";
				CLANG_ENABLE_MODULES = YES;
				CLANG_ENABLE_OBJC_ARC = YES;
				CLANG_ENABLE_OBJC_WEAK = YES;
				CLANG_WARN_BLOCK_CAPTURE_AUTORELEASING = YES;
				CLANG_WARN_BOOL_CONVERSION = YES;
				CLANG_WARN_COMMA = YES;
				CLANG_WARN_CONSTANT_CONVERSION = YES;
				CLANG_WARN_DEPRECATED_OBJC_IMPLEMENTATIONS = YES;
				CLANG_WARN_DIRECT_OBJC_ISA_USAGE = YES_ERROR;
				CLANG_WARN_DOCUMENTATION_COMMENTS = YES;
				CLANG_WARN_EMPTY_BODY = YES;
				CLANG_WARN_ENUM_CONVERSION = YES;
				CLANG_WARN_INFINITE_RECURSION = YES;
				CLANG_WARN_INT_CONVERSION = YES;
				CLANG_WARN_NON_LITERAL_NULL_CONVERSION = YES;
				CLANG_WARN_OBJC_IMPLICIT_RETAIN_SELF = YES;
				CLANG_WARN_OBJC_LITERAL_CONVERSION = YES;
				CLANG_WARN_OBJC_ROOT_CLASS = YES_ERROR;
				CLANG_WARN_QUOTED_INCLUDE_IN_FRAMEWORK_HEADER = YES;
				CLANG_WARN_RANGE_LOOP_ANALYSIS = YES;
				CLANG_WARN_STRICT_PROTOTYPES = YES;
				CLANG_WARN_SUSPICIOUS_MOVE = YES;
				CLANG_WARN_UNGUARDED_AVAILABILITY = YES_AGGRESSIVE;
				CLANG_WARN_UNREACHABLE_CODE = YES;
				CLANG_WARN__DUPLICATE_METHOD_MATCH = YES;
				COPY_PHASE_STRIP = NO;
				DEBUG_INFORMATION_FORMAT = dwarf;
				ENABLE_STRICT_OBJC_MSGSEND = YES;
				ENABLE_TESTABILITY = YES;
				ENABLE_USER_SCRIPT_SANDBOXING = YES;
				GCC_C_LANGUAGE_STANDARD = gnu17;
				GCC_DYNAMIC_NO_PIC = NO;
				GCC_NO_COMMON_BLOCKS = YES;
				GCC_OPTIMIZATION_LEVEL = 0;
				GCC_PREPROCESSOR_DEFINITIONS = (
					"DEBUG=1",
					"$(inherited)",
				);
				GCC_WARN_64_TO_32_BIT_CONVERSION = YES;
				GCC_WARN_ABOUT_RETURN_TYPE = YES_ERROR;
				GCC_WARN_UNDECLARED_SELECTOR = YES;
				GCC_WARN_UNINITIALIZED_AUTOS = YES_AGGRESSIVE;
				GCC_WARN_UNUSED_FUNCTION = YES;
				GCC_WARN_UNUSED_VARIABLE = YES;
				IPHONEOS_DEPLOYMENT_TARGET = 17.4;
				LOCALIZATION_PREFERS_STRING_CATALOGS = YES;
				MTL_ENABLE_DEBUG_INFO = INCLUDE_SOURCE;
				MTL_FAST_MATH = YES;
				ONLY_ACTIVE_ARCH = YES;
				SDKROOT = iphoneos;
				SWIFT_ACTIVE_COMPILATION_CONDITIONS = "DEBUG $(inherited)";
				SWIFT_OPTIMIZATION_LEVEL = "-Onone";
			};
			name = Debug;
		};
		332767932BA5DF6100F57FC3 /* Release */ = {
			isa = XCBuildConfiguration;
			buildSettings = {
				ALWAYS_SEARCH_USER_PATHS = NO;
				ASSETCATALOG_COMPILER_GENERATE_SWIFT_ASSET_SYMBOL_EXTENSIONS = YES;
				CLANG_ANALYZER_NONNULL = YES;
				CLANG_ANALYZER_NUMBER_OBJECT_CONVERSION = YES_AGGRESSIVE;
				CLANG_CXX_LANGUAGE_STANDARD = "gnu++20";
				CLANG_ENABLE_MODULES = YES;
				CLANG_ENABLE_OBJC_ARC = YES;
				CLANG_ENABLE_OBJC_WEAK = YES;
				CLANG_WARN_BLOCK_CAPTURE_AUTORELEASING = YES;
				CLANG_WARN_BOOL_CONVERSION = YES;
				CLANG_WARN_COMMA = YES;
				CLANG_WARN_CONSTANT_CONVERSION = YES;
				CLANG_WARN_DEPRECATED_OBJC_IMPLEMENTATIONS = YES;
				CLANG_WARN_DIRECT_OBJC_ISA_USAGE = YES_ERROR;
				CLANG_WARN_DOCUMENTATION_COMMENTS = YES;
				CLANG_WARN_EMPTY_BODY = YES;
				CLANG_WARN_ENUM_CONVERSION = YES;
				CLANG_WARN_INFINITE_RECURSION = YES;
				CLANG_WARN_INT_CONVERSION = YES;
				CLANG_WARN_NON_LITERAL_NULL_CONVERSION = YES;
				CLANG_WARN_OBJC_IMPLICIT_RETAIN_SELF = YES;
				CLANG_WARN_OBJC_LITERAL_CONVERSION = YES;
				CLANG_WARN_OBJC_ROOT_CLASS = YES_ERROR;
				CLANG_WARN_QUOTED_INCLUDE_IN_FRAMEWORK_HEADER = YES;
				CLANG_WARN_RANGE_LOOP_ANALYSIS = YES;
				CLANG_WARN_STRICT_PROTOTYPES = YES;
				CLANG_WARN_SUSPICIOUS_MOVE = YES;
				CLANG_WARN_UNGUARDED_AVAILABILITY = YES_AGGRESSIVE;
				CLANG_WARN_UNREACHABLE_CODE = YES;
				CLANG_WARN__DUPLICATE_METHOD_MATCH = YES;
				COPY_PHASE_STRIP = NO;
				DEBUG_INFORMATION_FORMAT = "dwarf-with-dsym";
				ENABLE_NS_ASSERTIONS = NO;
				ENABLE_STRICT_OBJC_MSGSEND = YES;
				ENABLE_USER_SCRIPT_SANDBOXING = YES;
				GCC_C_LANGUAGE_STANDARD = gnu17;
				GCC_NO_COMMON_BLOCKS = YES;
				GCC_WARN_64_TO_32_BIT_CONVERSION = YES;
				GCC_WARN_ABOUT_RETURN_TYPE = YES_ERROR;
				GCC_WARN_UNDECLARED_SELECTOR = YES;
				GCC_WARN_UNINITIALIZED_AUTOS = YES_AGGRESSIVE;
				GCC_WARN_UNUSED_FUNCTION = YES;
				GCC_WARN_UNUSED_VARIABLE = YES;
				IPHONEOS_DEPLOYMENT_TARGET = 17.4;
				LOCALIZATION_PREFERS_STRING_CATALOGS = YES;
				MTL_ENABLE_DEBUG_INFO = NO;
				MTL_FAST_MATH = YES;
				SDKROOT = iphoneos;
				SWIFT_COMPILATION_MODE = wholemodule;
				VALIDATE_PRODUCT = YES;
			};
			name = Release;
		};
		332767952BA5DF6100F57FC3 /* Debug */ = {
			isa = XCBuildConfiguration;
			buildSettings = {
				ASSETCATALOG_COMPILER_APPICON_NAME = AppIcon;
				ASSETCATALOG_COMPILER_GLOBAL_ACCENT_COLOR_NAME = AccentColor;
				CODE_SIGN_STYLE = Automatic;
				CURRENT_PROJECT_VERSION = 1;
				DEVELOPMENT_ASSET_PATHS = "\"Todo Assignment/Preview Content\"";
				DEVELOPMENT_TEAM = 8657VQ2MUK;
				ENABLE_PREVIEWS = YES;
				GENERATE_INFOPLIST_FILE = YES;
				INFOPLIST_KEY_CFBundleDisplayName = Tasks;
				INFOPLIST_KEY_UIApplicationSceneManifest_Generation = YES;
				INFOPLIST_KEY_UIApplicationSupportsIndirectInputEvents = YES;
				INFOPLIST_KEY_UILaunchScreen_Generation = YES;
				INFOPLIST_KEY_UILaunchStoryboardName = LaunchScreen.storyboard;
				INFOPLIST_KEY_UISupportedInterfaceOrientations_iPad = "UIInterfaceOrientationPortrait UIInterfaceOrientationPortraitUpsideDown UIInterfaceOrientationLandscapeLeft UIInterfaceOrientationLandscapeRight";
				INFOPLIST_KEY_UISupportedInterfaceOrientations_iPhone = "UIInterfaceOrientationPortrait UIInterfaceOrientationLandscapeLeft UIInterfaceOrientationLandscapeRight";
				LD_RUNPATH_SEARCH_PATHS = (
					"$(inherited)",
					"@executable_path/Frameworks",
				);
				MARKETING_VERSION = 1.0;
				PRODUCT_BUNDLE_IDENTIFIER = "mac.Todo-Assignment";
				PRODUCT_NAME = "$(TARGET_NAME)";
				SWIFT_EMIT_LOC_STRINGS = YES;
				SWIFT_VERSION = 5.0;
				TARGETED_DEVICE_FAMILY = "1,2";
			};
			name = Debug;
		};
		332767962BA5DF6100F57FC3 /* Release */ = {
			isa = XCBuildConfiguration;
			buildSettings = {
				ASSETCATALOG_COMPILER_APPICON_NAME = AppIcon;
				ASSETCATALOG_COMPILER_GLOBAL_ACCENT_COLOR_NAME = AccentColor;
				CODE_SIGN_STYLE = Automatic;
				CURRENT_PROJECT_VERSION = 1;
				DEVELOPMENT_ASSET_PATHS = "\"Todo Assignment/Preview Content\"";
				DEVELOPMENT_TEAM = 8657VQ2MUK;
				ENABLE_PREVIEWS = YES;
				GENERATE_INFOPLIST_FILE = YES;
				INFOPLIST_KEY_CFBundleDisplayName = Tasks;
				INFOPLIST_KEY_UIApplicationSceneManifest_Generation = YES;
				INFOPLIST_KEY_UIApplicationSupportsIndirectInputEvents = YES;
				INFOPLIST_KEY_UILaunchScreen_Generation = YES;
				INFOPLIST_KEY_UILaunchStoryboardName = LaunchScreen.storyboard;
				INFOPLIST_KEY_UISupportedInterfaceOrientations_iPad = "UIInterfaceOrientationPortrait UIInterfaceOrientationPortraitUpsideDown UIInterfaceOrientationLandscapeLeft UIInterfaceOrientationLandscapeRight";
				INFOPLIST_KEY_UISupportedInterfaceOrientations_iPhone = "UIInterfaceOrientationPortrait UIInterfaceOrientationLandscapeLeft UIInterfaceOrientationLandscapeRight";
				LD_RUNPATH_SEARCH_PATHS = (
					"$(inherited)",
					"@executable_path/Frameworks",
				);
				MARKETING_VERSION = 1.0;
				PRODUCT_BUNDLE_IDENTIFIER = "mac.Todo-Assignment";
				PRODUCT_NAME = "$(TARGET_NAME)";
				SWIFT_EMIT_LOC_STRINGS = YES;
				SWIFT_VERSION = 5.0;
				TARGETED_DEVICE_FAMILY = "1,2";
			};
			name = Release;
		};
		332767982BA5DF6100F57FC3 /* Debug */ = {
			isa = XCBuildConfiguration;
			buildSettings = {
				ALWAYS_EMBED_SWIFT_STANDARD_LIBRARIES = YES;
				BUNDLE_LOADER = "$(TEST_HOST)";
				CODE_SIGN_STYLE = Automatic;
				CURRENT_PROJECT_VERSION = 1;
				DEVELOPMENT_TEAM = 8657VQ2MUK;
				GENERATE_INFOPLIST_FILE = YES;
				IPHONEOS_DEPLOYMENT_TARGET = 17.4;
				MARKETING_VERSION = 1.0;
				PRODUCT_BUNDLE_IDENTIFIER = "mac.Todo-AssignmentTests";
				PRODUCT_NAME = "$(TARGET_NAME)";
				SWIFT_EMIT_LOC_STRINGS = NO;
				SWIFT_VERSION = 5.0;
				TARGETED_DEVICE_FAMILY = "1,2";
				TEST_HOST = "$(BUILT_PRODUCTS_DIR)/Todo Assignment.app/$(BUNDLE_EXECUTABLE_FOLDER_PATH)/Todo Assignment";
			};
			name = Debug;
		};
		332767992BA5DF6100F57FC3 /* Release */ = {
			isa = XCBuildConfiguration;
			buildSettings = {
				ALWAYS_EMBED_SWIFT_STANDARD_LIBRARIES = YES;
				BUNDLE_LOADER = "$(TEST_HOST)";
				CODE_SIGN_STYLE = Automatic;
				CURRENT_PROJECT_VERSION = 1;
				DEVELOPMENT_TEAM = 8657VQ2MUK;
				GENERATE_INFOPLIST_FILE = YES;
				IPHONEOS_DEPLOYMENT_TARGET = 17.4;
				MARKETING_VERSION = 1.0;
				PRODUCT_BUNDLE_IDENTIFIER = "mac.Todo-AssignmentTests";
				PRODUCT_NAME = "$(TARGET_NAME)";
				SWIFT_EMIT_LOC_STRINGS = NO;
				SWIFT_VERSION = 5.0;
				TARGETED_DEVICE_FAMILY = "1,2";
				TEST_HOST = "$(BUILT_PRODUCTS_DIR)/Todo Assignment.app/$(BUNDLE_EXECUTABLE_FOLDER_PATH)/Todo Assignment";
			};
			name = Release;
		};
		3327679B2BA5DF6100F57FC3 /* Debug */ = {
			isa = XCBuildConfiguration;
			buildSettings = {
				ALWAYS_EMBED_SWIFT_STANDARD_LIBRARIES = YES;
				CODE_SIGN_STYLE = Automatic;
				CURRENT_PROJECT_VERSION = 1;
				DEVELOPMENT_TEAM = 8657VQ2MUK;
				GENERATE_INFOPLIST_FILE = YES;
				MARKETING_VERSION = 1.0;
				PRODUCT_BUNDLE_IDENTIFIER = "mac.Todo-AssignmentUITests";
				PRODUCT_NAME = "$(TARGET_NAME)";
				SWIFT_EMIT_LOC_STRINGS = NO;
				SWIFT_VERSION = 5.0;
				TARGETED_DEVICE_FAMILY = "1,2";
				TEST_TARGET_NAME = "Todo Assignment";
			};
			name = Debug;
		};
		3327679C2BA5DF6100F57FC3 /* Release */ = {
			isa = XCBuildConfiguration;
			buildSettings = {
				ALWAYS_EMBED_SWIFT_STANDARD_LIBRARIES = YES;
				CODE_SIGN_STYLE = Automatic;
				CURRENT_PROJECT_VERSION = 1;
				DEVELOPMENT_TEAM = 8657VQ2MUK;
				GENERATE_INFOPLIST_FILE = YES;
				MARKETING_VERSION = 1.0;
				PRODUCT_BUNDLE_IDENTIFIER = "mac.Todo-AssignmentUITests";
				PRODUCT_NAME = "$(TARGET_NAME)";
				SWIFT_EMIT_LOC_STRINGS = NO;
				SWIFT_VERSION = 5.0;
				TARGETED_DEVICE_FAMILY = "1,2";
				TEST_TARGET_NAME = "Todo Assignment";
			};
			name = Release;
		};
/* End XCBuildConfiguration section */

/* Begin XCConfigurationList section */
		3327676B2BA5DF5F00F57FC3 /* Build configuration list for PBXProject "Todo Assignment" */ = {
			isa = XCConfigurationList;
			buildConfigurations = (
				332767922BA5DF6100F57FC3 /* Debug */,
				332767932BA5DF6100F57FC3 /* Release */,
			);
			defaultConfigurationIsVisible = 0;
			defaultConfigurationName = Release;
		};
		332767942BA5DF6100F57FC3 /* Build configuration list for PBXNativeTarget "Todo Assignment" */ = {
			isa = XCConfigurationList;
			buildConfigurations = (
				332767952BA5DF6100F57FC3 /* Debug */,
				332767962BA5DF6100F57FC3 /* Release */,
			);
			defaultConfigurationIsVisible = 0;
			defaultConfigurationName = Release;
		};
		332767972BA5DF6100F57FC3 /* Build configuration list for PBXNativeTarget "Todo AssignmentTests" */ = {
			isa = XCConfigurationList;
			buildConfigurations = (
				332767982BA5DF6100F57FC3 /* Debug */,
				332767992BA5DF6100F57FC3 /* Release */,
			);
			defaultConfigurationIsVisible = 0;
			defaultConfigurationName = Release;
		};
		3327679A2BA5DF6100F57FC3 /* Build configuration list for PBXNativeTarget "Todo AssignmentUITests" */ = {
			isa = XCConfigurationList;
			buildConfigurations = (
				3327679B2BA5DF6100F57FC3 /* Debug */,
				3327679C2BA5DF6100F57FC3 /* Release */,
			);
			defaultConfigurationIsVisible = 0;
			defaultConfigurationName = Release;
		};
/* End XCConfigurationList section */
	};
	rootObject = 332767682BA5DF5F00F57FC3 /* Project object */;
}
